// !$*UTF8*$!
{
	archiveVersion = 1;
	classes = {
	};
	objectVersion = 46;
	objects = {

/* Begin PBXBuildFile section */
		BF27E6EA1BE9190800F1A245 /* main.m in Sources */ = {isa = PBXBuildFile; fileRef = BF27E6E91BE9190800F1A245 /* main.m */; };
		BF27E6F21BE91E0400F1A245 /* Converter.m in Sources */ = {isa = PBXBuildFile; fileRef = BF27E6F11BE91E0400F1A245 /* Converter.m */; };
/* End PBXBuildFile section */

/* Begin PBXCopyFilesBuildPhase section */
		BF27E6E41BE9190800F1A245 /* CopyFiles */ = {
			isa = PBXCopyFilesBuildPhase;
			buildActionMask = 2147483647;
			dstPath = /usr/share/man/man1/;
			dstSubfolderSpec = 0;
			files = (
			);
			runOnlyForDeploymentPostprocessing = 1;
		};
/* End PBXCopyFilesBuildPhase section */

/* Begin PBXFileReference section */
		BF27E6E61BE9190800F1A245 /* StringLocalizer */ = {isa = PBXFileReference; explicitFileType = "compiled.mach-o.executable"; includeInIndex = 0; path = StringLocalizer; sourceTree = BUILT_PRODUCTS_DIR; };
		BF27E6E91BE9190800F1A245 /* main.m */ = {isa = PBXFileReference; lastKnownFileType = sourcecode.c.objc; path = main.m; sourceTree = "<group>"; };
		BF27E6F01BE91E0400F1A245 /* Converter.h */ = {isa = PBXFileReference; fileEncoding = 4; lastKnownFileType = sourcecode.c.h; path = Converter.h; sourceTree = "<group>"; };
		BF27E6F11BE91E0400F1A245 /* Converter.m */ = {isa = PBXFileReference; fileEncoding = 4; lastKnownFileType = sourcecode.c.objc; path = Converter.m; sourceTree = "<group>"; };
/* End PBXFileReference section */

/* Begin PBXFrameworksBuildPhase section */
		BF27E6E31BE9190800F1A245 /* Frameworks */ = {
			isa = PBXFrameworksBuildPhase;
			buildActionMask = 2147483647;
			files = (
			);
			runOnlyForDeploymentPostprocessing = 0;
		};
/* End PBXFrameworksBuildPhase section */

/* Begin PBXGroup section */
		BF27E6DD1BE9190800F1A245 = {
			isa = PBXGroup;
			children = (
				BF27E6E81BE9190800F1A245 /* StringLocalizer */,
				BF27E6E71BE9190800F1A245 /* Products */,
			);
			sourceTree = "<group>";
		};
		BF27E6E71BE9190800F1A245 /* Products */ = {
			isa = PBXGroup;
			children = (
				BF27E6E61BE9190800F1A245 /* StringLocalizer */,
			);
			name = Products;
			sourceTree = "<group>";
		};
		BF27E6E81BE9190800F1A245 /* StringLocalizer */ = {
			isa = PBXGroup;
			children = (
				BF27E6E91BE9190800F1A245 /* main.m */,
				BF27E6F01BE91E0400F1A245 /* Converter.h */,
				BF27E6F11BE91E0400F1A245 /* Converter.m */,
			);
			path = StringLocalizer;
			sourceTree = "<group>";
		};
/* End PBXGroup section */

/* Begin PBXNativeTarget section */
		BF27E6E51BE9190800F1A245 /* StringLocalizer */ = {
			isa = PBXNativeTarget;
			buildConfigurationList = BF27E6ED1BE9190800F1A245 /* Build configuration list for PBXNativeTarget "StringLocalizer" */;
			buildPhases = (
				BF27E6E21BE9190800F1A245 /* Sources */,
				BF27E6E31BE9190800F1A245 /* Frameworks */,
				BF27E6E41BE9190800F1A245 /* CopyFiles */,
			);
			buildRules = (
			);
			dependencies = (
			);
			name = StringLocalizer;
			productName = StringLocalizer;
			productReference = BF27E6E61BE9190800F1A245 /* StringLocalizer */;
			productType = "com.apple.product-type.tool";
		};
/* End PBXNativeTarget section */

/* Begin PBXProject section */
		BF27E6DE1BE9190800F1A245 /* Project object */ = {
			isa = PBXProject;
			attributes = {
				LastUpgradeCheck = 0710;
				ORGANIZATIONNAME = DeliveryHero;
				TargetAttributes = {
					BF27E6E51BE9190800F1A245 = {
						CreatedOnToolsVersion = 7.1;
					};
				};
			};
			buildConfigurationList = BF27E6E11BE9190800F1A245 /* Build configuration list for PBXProject "StringLocalizer" */;
			compatibilityVersion = "Xcode 3.2";
			developmentRegion = English;
			hasScannedForEncodings = 0;
			knownRegions = (
				en,
			);
			mainGroup = BF27E6DD1BE9190800F1A245;
			productRefGroup = BF27E6E71BE9190800F1A245 /* Products */;
			projectDirPath = "";
			projectRoot = "";
			targets = (
				BF27E6E51BE9190800F1A245 /* StringLocalizer */,
			);
		};
/* End PBXProject section */

/* Begin PBXSourcesBuildPhase section */
		BF27E6E21BE9190800F1A245 /* Sources */ = {
			isa = PBXSourcesBuildPhase;
			buildActionMask = 2147483647;
			files = (
				BF27E6F21BE91E0400F1A245 /* Converter.m in Sources */,
				BF27E6EA1BE9190800F1A245 /* main.m in Sources */,
			);
			runOnlyForDeploymentPostprocessing = 0;
		};
/* End PBXSourcesBuildPhase section */

/* Begin XCBuildConfiguration section */
		BF27E6EB1BE9190800F1A245 /* Debug */ = {
			isa = XCBuildConfiguration;
			buildSettings = {
				ALWAYS_SEARCH_USER_PATHS = NO;
				CLANG_CXX_LANGUAGE_STANDARD = "gnu++0x";
				CLANG_CXX_LIBRARY = "libc++";
				CLANG_ENABLE_MODULES = YES;
				CLANG_ENABLE_OBJC_ARC = YES;
				CLANG_WARN_BOOL_CONVERSION = YES;
				CLANG_WARN_CONSTANT_CONVERSION = YES;
				CLANG_WARN_DIRECT_OBJC_ISA_USAGE = YES_ERROR;
				CLANG_WARN_EMPTY_BODY = YES;
				CLANG_WARN_ENUM_CONVERSION = YES;
				CLANG_WARN_INT_CONVERSION = YES;
				CLANG_WARN_OBJC_ROOT_CLASS = YES_ERROR;
				CLANG_WARN_UNREACHABLE_CODE = YES;
				CLANG_WARN__DUPLICATE_METHOD_MATCH = YES;
				CODE_SIGN_IDENTITY = "-";
				COPY_PHASE_STRIP = NO;
				DEBUG_INFORMATION_FORMAT = dwarf;
				ENABLE_STRICT_OBJC_MSGSEND = YES;
				ENABLE_TESTABILITY = YES;
				GCC_C_LANGUAGE_STANDARD = gnu99;
				GCC_DYNAMIC_NO_PIC = NO;
				GCC_NO_COMMON_BLOCKS = YES;
				GCC_OPTIMIZATION_LEVEL = 0;
				GCC_PREPROCESSOR_DEFINITIONS = (
					"DEBUG=1",
					"$(inherited)",
				);
				GCC_WARN_64_TO_32_BIT_CONVERSION = YES;
				GCC_WARN_ABOUT_RETURN_TYPE = YES_ERROR;
				GCC_WARN_UNDECLARED_SELECTOR = YES;
				GCC_WARN_UNINITIALIZED_AUTOS = YES_AGGRESSIVE;
				GCC_WARN_UNUSED_FUNCTION = YES;
				GCC_WARN_UNUSED_VARIABLE = YES;
				MACOSX_DEPLOYMENT_TARGET = 10.10;
				MTL_ENABLE_DEBUG_INFO = YES;
				ONLY_ACTIVE_ARCH = YES;
				SDKROOT = macosx;
			};
			name = Debug;
		};
		BF27E6EC1BE9190800F1A245 /* Release */ = {
			isa = XCBuildConfiguration;
			buildSettings = {
				ALWAYS_SEARCH_USER_PATHS = NO;
				CLANG_CXX_LANGUAGE_STANDARD = "gnu++0x";
				CLANG_CXX_LIBRARY = "libc++";
				CLANG_ENABLE_MODULES = YES;
				CLANG_ENABLE_OBJC_ARC = YES;
				CLANG_WARN_BOOL_CONVERSION = YES;
				CLANG_WARN_CONSTANT_CONVERSION = YES;
				CLANG_WARN_DIRECT_OBJC_ISA_USAGE = YES_ERROR;
				CLANG_WARN_EMPTY_BODY = YES;
				CLANG_WARN_ENUM_CONVERSION = YES;
				CLANG_WARN_INT_CONVERSION = YES;
				CLANG_WARN_OBJC_ROOT_CLASS = YES_ERROR;
				CLANG_WARN_UNREACHABLE_CODE = YES;
				CLANG_WARN__DUPLICATE_METHOD_MATCH = YES;
				CODE_SIGN_IDENTITY = "-";
				COPY_PHASE_STRIP = NO;
				DEBUG_INFORMATION_FORMAT = "dwarf-with-dsym";
				ENABLE_NS_ASSERTIONS = NO;
				ENABLE_STRICT_OBJC_MSGSEND = YES;
				GCC_C_LANGUAGE_STANDARD = gnu99;
				GCC_NO_COMMON_BLOCKS = YES;
				GCC_WARN_64_TO_32_BIT_CONVERSION = YES;
				GCC_WARN_ABOUT_RETURN_TYPE = YES_ERROR;
				GCC_WARN_UNDECLARED_SELECTOR = YES;
				GCC_WARN_UNINITIALIZED_AUTOS = YES_AGGRESSIVE;
				GCC_WARN_UNUSED_FUNCTION = YES;
				GCC_WARN_UNUSED_VARIABLE = YES;
				MACOSX_DEPLOYMENT_TARGET = 10.10;
				MTL_ENABLE_DEBUG_INFO = NO;
				SDKROOT = macosx;
			};
			name = Release;
		};
		BF27E6EE1BE9190800F1A245 /* Debug */ = {
			isa = XCBuildConfiguration;
			buildSettings = {
				CLANG_ENABLE_OBJC_ARC = YES;
				PRODUCT_NAME = "$(TARGET_NAME)";
			};
			name = Debug;
		};
		BF27E6EF1BE9190800F1A245 /* Release */ = {
			isa = XCBuildConfiguration;
			buildSettings = {
				CLANG_ENABLE_OBJC_ARC = YES;
				PRODUCT_NAME = "$(TARGET_NAME)";
			};
			name = Release;
		};
/* End XCBuildConfiguration section */

/* Begin XCConfigurationList section */
		BF27E6E11BE9190800F1A245 /* Build configuration list for PBXProject "StringLocalizer" */ = {
			isa = XCConfigurationList;
			buildConfigurations = (
				BF27E6EB1BE9190800F1A245 /* Debug */,
				BF27E6EC1BE9190800F1A245 /* Release */,
			);
			defaultConfigurationIsVisible = 0;
			defaultConfigurationName = Release;
		};
		BF27E6ED1BE9190800F1A245 /* Build configuration list for PBXNativeTarget "StringLocalizer" */ = {
			isa = XCConfigurationList;
			buildConfigurations = (
				BF27E6EE1BE9190800F1A245 /* Debug */,
				BF27E6EF1BE9190800F1A245 /* Release */,
			);
			defaultConfigurationIsVisible = 0;
			defaultConfigurationName = Release;
		};
/* End XCConfigurationList section */
	};
	rootObject = BF27E6DE1BE9190800F1A245 /* Project object */;
}
